
Microsoft Visual Studio Solution File, Format Version 12.00
# Visual Studio 14
VisualStudioVersion = 14.0.25123.0
MinimumVisualStudioVersion = 10.0.40219.1
Project("{FAE04EC0-301F-11D3-BF4B-00C04F79EFBC}") = "systemtray", "systemtray\systemtray.csproj", "{C2B20BC5-2EEE-45CE-8245-E613C5764BDD}"
EndProject
Global
	GlobalSection(SolutionConfigurationPlatforms) = preSolution
		Debug|Any CPU = Debug|Any CPU
		Release|Any CPU = Release|Any CPU
	EndGlobalSection
	GlobalSection(ProjectConfigurationPlatforms) = postSolution
		{C2B20BC5-2EEE-45CE-8245-E613C5764BDD}.Debug|Any CPU.ActiveCfg = Debug|Any CPU
		{C2B20BC5-2EEE-45CE-8245-E613C5764BDD}.Debug|Any CPU.Build.0 = Debug|Any CPU
		{C2B20BC5-2EEE-45CE-8245-E613C5764BDD}.Release|Any CPU.ActiveCfg = Release|Any CPU
		{C2B20BC5-2EEE-45CE-8245-E613C5764BDD}.Release|Any CPU.Build.0 = Release|Any CPU
	EndGlobalSection
	GlobalSection(SolutionProperties) = preSolution
		HideSolutionNode = FALSE
	EndGlobalSection
EndGlobal
